
Microsoft Visual Studio Solution File, Format Version 12.00
# Visual Studio 14
VisualStudioVersion = 14.0.25123.0
MinimumVisualStudioVersion = 10.0.40219.1
Project("{FAE04EC0-301F-11D3-BF4B-00C04F79EFBC}") = "AbsoluteDemo1.Droid", "AbsoluteDemo1\AbsoluteDemo1.Droid\AbsoluteDemo1.Droid.csproj", "{03490BF9-8251-4292-BC7E-0390DBB4FE0F}"
EndProject
Project("{FAE04EC0-301F-11D3-BF4B-00C04F79EFBC}") = "AbsoluteDemo1.iOS", "AbsoluteDemo1\AbsoluteDemo1.iOS\AbsoluteDemo1.iOS.csproj", "{D2493742-DFF9-4498-8BFA-3597A8388838}"
EndProject
Project("{FAE04EC0-301F-11D3-BF4B-00C04F79EFBC}") = "AbsoluteDemo1.WinPhone", "AbsoluteDemo1\AbsoluteDemo1.WinPhone\AbsoluteDemo1.WinPhone.csproj", "{5E691262-67A0-4339-ADF5-3DE82D7967D6}"
EndProject
Project("{FAE04EC0-301F-11D3-BF4B-00C04F79EFBC}") = "AbsoluteDemo1.UWP", "AbsoluteDemo1\AbsoluteDemo1.UWP\AbsoluteDemo1.UWP.csproj", "{EF76AE80-F4E3-4C88-9C88-4D17DC08E787}"
EndProject
Project("{FAE04EC0-301F-11D3-BF4B-00C04F79EFBC}") = "AbsoluteDemo1.Windows", "AbsoluteDemo1\AbsoluteDemo1.Windows\AbsoluteDemo1.Windows.csproj", "{0AFBDB50-7BBA-4F9E-88AE-FDA55A1C4761}"
EndProject
Project("{FAE04EC0-301F-11D3-BF4B-00C04F79EFBC}") = "AbsoluteDemo1", "AbsoluteDemo1\AbsoluteDemo1\AbsoluteDemo1.csproj", "{BBC42417-2ECF-4C3E-8490-AAD958FB0E78}"
EndProject
Global
	GlobalSection(SolutionConfigurationPlatforms) = preSolution
		Ad-Hoc|Any CPU = Ad-Hoc|Any CPU
		Ad-Hoc|ARM = Ad-Hoc|ARM
		Ad-Hoc|iPhone = Ad-Hoc|iPhone
		Ad-Hoc|iPhoneSimulator = Ad-Hoc|iPhoneSimulator
		Ad-Hoc|x64 = Ad-Hoc|x64
		Ad-Hoc|x86 = Ad-Hoc|x86
		AppStore|Any CPU = AppStore|Any CPU
		AppStore|ARM = AppStore|ARM
		AppStore|iPhone = AppStore|iPhone
		AppStore|iPhoneSimulator = AppStore|iPhoneSimulator
		AppStore|x64 = AppStore|x64
		AppStore|x86 = AppStore|x86
		Debug|Any CPU = Debug|Any CPU
		Debug|ARM = Debug|ARM
		Debug|iPhone = Debug|iPhone
		Debug|iPhoneSimulator = Debug|iPhoneSimulator
		Debug|x64 = Debug|x64
		Debug|x86 = Debug|x86
		Release|Any CPU = Release|Any CPU
		Release|ARM = Release|ARM
		Release|iPhone = Release|iPhone
		Release|iPhoneSimulator = Release|iPhoneSimulator
		Release|x64 = Release|x64
		Release|x86 = Release|x86
	EndGlobalSection
	GlobalSection(ProjectConfigurationPlatforms) = postSolution
		{03490BF9-8251-4292-BC7E-0390DBB4FE0F}.Ad-Hoc|Any CPU.ActiveCfg = Release|Any CPU
		{03490BF9-8251-4292-BC7E-0390DBB4FE0F}.Ad-Hoc|Any CPU.Build.0 = Release|Any CPU
		{03490BF9-8251-4292-BC7E-0390DBB4FE0F}.Ad-Hoc|Any CPU.Deploy.0 = Release|Any CPU
		{03490BF9-8251-4292-BC7E-0390DBB4FE0F}.Ad-Hoc|ARM.ActiveCfg = Release|Any CPU
		{03490BF9-8251-4292-BC7E-0390DBB4FE0F}.Ad-Hoc|ARM.Build.0 = Release|Any CPU
		{03490BF9-8251-4292-BC7E-0390DBB4FE0F}.Ad-Hoc|ARM.Deploy.0 = Release|Any CPU
		{03490BF9-8251-4292-BC7E-0390DBB4FE0F}.Ad-Hoc|iPhone.ActiveCfg = Release|Any CPU
		{03490BF9-8251-4292-BC7E-0390DBB4FE0F}.Ad-Hoc|iPhone.Build.0 = Release|Any CPU
		{03490BF9-8251-4292-BC7E-0390DBB4FE0F}.Ad-Hoc|iPhone.Deploy.0 = Release|Any CPU
		{03490BF9-8251-4292-BC7E-0390DBB4FE0F}.Ad-Hoc|iPhoneSimulator.ActiveCfg = Release|Any CPU
		{03490BF9-8251-4292-BC7E-0390DBB4FE0F}.Ad-Hoc|iPhoneSimulator.Build.0 = Release|Any CPU
		{03490BF9-8251-4292-BC7E-0390DBB4FE0F}.Ad-Hoc|iPhoneSimulator.Deploy.0 = Release|Any CPU
		{03490BF9-8251-4292-BC7E-0390DBB4FE0F}.Ad-Hoc|x64.ActiveCfg = Release|Any CPU
		{03490BF9-8251-4292-BC7E-0390DBB4FE0F}.Ad-Hoc|x64.Build.0 = Release|Any CPU
		{03490BF9-8251-4292-BC7E-0390DBB4FE0F}.Ad-Hoc|x64.Deploy.0 = Release|Any CPU
		{03490BF9-8251-4292-BC7E-0390DBB4FE0F}.Ad-Hoc|x86.ActiveCfg = Release|Any CPU
		{03490BF9-8251-4292-BC7E-0390DBB4FE0F}.Ad-Hoc|x86.Build.0 = Release|Any CPU
		{03490BF9-8251-4292-BC7E-0390DBB4FE0F}.Ad-Hoc|x86.Deploy.0 = Release|Any CPU
		{03490BF9-8251-4292-BC7E-0390DBB4FE0F}.AppStore|Any CPU.ActiveCfg = Release|Any CPU
		{03490BF9-8251-4292-BC7E-0390DBB4FE0F}.AppStore|Any CPU.Build.0 = Release|Any CPU
		{03490BF9-8251-4292-BC7E-0390DBB4FE0F}.AppStore|Any CPU.Deploy.0 = Release|Any CPU
		{03490BF9-8251-4292-BC7E-0390DBB4FE0F}.AppStore|ARM.ActiveCfg = Release|Any CPU
		{03490BF9-8251-4292-BC7E-0390DBB4FE0F}.AppStore|ARM.Build.0 = Release|Any CPU
		{03490BF9-8251-4292-BC7E-0390DBB4FE0F}.AppStore|ARM.Deploy.0 = Release|Any CPU
		{03490BF9-8251-4292-BC7E-0390DBB4FE0F}.AppStore|iPhone.ActiveCfg = Release|Any CPU
		{03490BF9-8251-4292-BC7E-0390DBB4FE0F}.AppStore|iPhone.Build.0 = Release|Any CPU
		{03490BF9-8251-4292-BC7E-0390DBB4FE0F}.AppStore|iPhone.Deploy.0 = Release|Any CPU
		{03490BF9-8251-4292-BC7E-0390DBB4FE0F}.AppStore|iPhoneSimulator.ActiveCfg = Release|Any CPU
		{03490BF9-8251-4292-BC7E-0390DBB4FE0F}.AppStore|iPhoneSimulator.Build.0 = Release|Any CPU
		{03490BF9-8251-4292-BC7E-0390DBB4FE0F}.AppStore|iPhoneSimulator.Deploy.0 = Release|Any CPU
		{03490BF9-8251-4292-BC7E-0390DBB4FE0F}.AppStore|x64.ActiveCfg = Release|Any CPU
		{03490BF9-8251-4292-BC7E-0390DBB4FE0F}.AppStore|x64.Build.0 = Release|Any CPU
		{03490BF9-8251-4292-BC7E-0390DBB4FE0F}.AppStore|x64.Deploy.0 = Release|Any CPU
		{03490BF9-8251-4292-BC7E-0390DBB4FE0F}.AppStore|x86.ActiveCfg = Release|Any CPU
		{03490BF9-8251-4292-BC7E-0390DBB4FE0F}.AppStore|x86.Build.0 = Release|Any CPU
		{03490BF9-8251-4292-BC7E-0390DBB4FE0F}.AppStore|x86.Deploy.0 = Release|Any CPU
		{03490BF9-8251-4292-BC7E-0390DBB4FE0F}.Debug|Any CPU.ActiveCfg = Debug|Any CPU
		{03490BF9-8251-4292-BC7E-0390DBB4FE0F}.Debug|Any CPU.Build.0 = Debug|Any CPU
		{03490BF9-8251-4292-BC7E-0390DBB4FE0F}.Debug|Any CPU.Deploy.0 = Debug|Any CPU
		{03490BF9-8251-4292-BC7E-0390DBB4FE0F}.Debug|ARM.ActiveCfg = Debug|Any CPU
		{03490BF9-8251-4292-BC7E-0390DBB4FE0F}.Debug|ARM.Build.0 = Debug|Any CPU
		{03490BF9-8251-4292-BC7E-0390DBB4FE0F}.Debug|ARM.Deploy.0 = Debug|Any CPU
		{03490BF9-8251-4292-BC7E-0390DBB4FE0F}.Debug|iPhone.ActiveCfg = Debug|Any CPU
		{03490BF9-8251-4292-BC7E-0390DBB4FE0F}.Debug|iPhone.Build.0 = Debug|Any CPU
		{03490BF9-8251-4292-BC7E-0390DBB4FE0F}.Debug|iPhone.Deploy.0 = Debug|Any CPU
		{03490BF9-8251-4292-BC7E-0390DBB4FE0F}.Debug|iPhoneSimulator.ActiveCfg = Debug|Any CPU
		{03490BF9-8251-4292-BC7E-0390DBB4FE0F}.Debug|iPhoneSimulator.Build.0 = Debug|Any CPU
		{03490BF9-8251-4292-BC7E-0390DBB4FE0F}.Debug|iPhoneSimulator.Deploy.0 = Debug|Any CPU
		{03490BF9-8251-4292-BC7E-0390DBB4FE0F}.Debug|x64.ActiveCfg = Debug|Any CPU
		{03490BF9-8251-4292-BC7E-0390DBB4FE0F}.Debug|x64.Build.0 = Debug|Any CPU
		{03490BF9-8251-4292-BC7E-0390DBB4FE0F}.Debug|x64.Deploy.0 = Debug|Any CPU
		{03490BF9-8251-4292-BC7E-0390DBB4FE0F}.Debug|x86.ActiveCfg = Debug|Any CPU
		{03490BF9-8251-4292-BC7E-0390DBB4FE0F}.Debug|x86.Build.0 = Debug|Any CPU
		{03490BF9-8251-4292-BC7E-0390DBB4FE0F}.Debug|x86.Deploy.0 = Debug|Any CPU
		{03490BF9-8251-4292-BC7E-0390DBB4FE0F}.Release|Any CPU.ActiveCfg = Release|Any CPU
		{03490BF9-8251-4292-BC7E-0390DBB4FE0F}.Release|Any CPU.Build.0 = Release|Any CPU
		{03490BF9-8251-4292-BC7E-0390DBB4FE0F}.Release|Any CPU.Deploy.0 = Release|Any CPU
		{03490BF9-8251-4292-BC7E-0390DBB4FE0F}.Release|ARM.ActiveCfg = Release|Any CPU
		{03490BF9-8251-4292-BC7E-0390DBB4FE0F}.Release|ARM.Build.0 = Release|Any CPU
		{03490BF9-8251-4292-BC7E-0390DBB4FE0F}.Release|ARM.Deploy.0 = Release|Any CPU
		{03490BF9-8251-4292-BC7E-0390DBB4FE0F}.Release|iPhone.ActiveCfg = Release|Any CPU
		{03490BF9-8251-4292-BC7E-0390DBB4FE0F}.Release|iPhone.Build.0 = Release|Any CPU
		{03490BF9-8251-4292-BC7E-0390DBB4FE0F}.Release|iPhone.Deploy.0 = Release|Any CPU
		{03490BF9-8251-4292-BC7E-0390DBB4FE0F}.Release|iPhoneSimulator.ActiveCfg = Release|Any CPU
		{03490BF9-8251-4292-BC7E-0390DBB4FE0F}.Release|iPhoneSimulator.Build.0 = Release|Any CPU
		{03490BF9-8251-4292-BC7E-0390DBB4FE0F}.Release|iPhoneSimulator.Deploy.0 = Release|Any CPU
		{03490BF9-8251-4292-BC7E-0390DBB4FE0F}.Release|x64.ActiveCfg = Release|Any CPU
		{03490BF9-8251-4292-BC7E-0390DBB4FE0F}.Release|x64.Build.0 = Release|Any CPU
		{03490BF9-8251-4292-BC7E-0390DBB4FE0F}.Release|x64.Deploy.0 = Release|Any CPU
		{03490BF9-8251-4292-BC7E-0390DBB4FE0F}.Release|x86.ActiveCfg = Release|Any CPU
		{03490BF9-8251-4292-BC7E-0390DBB4FE0F}.Release|x86.Build.0 = Release|Any CPU
		{03490BF9-8251-4292-BC7E-0390DBB4FE0F}.Release|x86.Deploy.0 = Release|Any CPU
		{D2493742-DFF9-4498-8BFA-3597A8388838}.Ad-Hoc|Any CPU.ActiveCfg = Ad-Hoc|iPhone
		{D2493742-DFF9-4498-8BFA-3597A8388838}.Ad-Hoc|ARM.ActiveCfg = Ad-Hoc|iPhone
		{D2493742-DFF9-4498-8BFA-3597A8388838}.Ad-Hoc|iPhone.ActiveCfg = Ad-Hoc|iPhone
		{D2493742-DFF9-4498-8BFA-3597A8388838}.Ad-Hoc|iPhone.Build.0 = Ad-Hoc|iPhone
		{D2493742-DFF9-4498-8BFA-3597A8388838}.Ad-Hoc|iPhoneSimulator.ActiveCfg = Ad-Hoc|iPhoneSimulator
		{D2493742-DFF9-4498-8BFA-3597A8388838}.Ad-Hoc|iPhoneSimulator.Build.0 = Ad-Hoc|iPhoneSimulator
		{D2493742-DFF9-4498-8BFA-3597A8388838}.Ad-Hoc|x64.ActiveCfg = Ad-Hoc|iPhone
		{D2493742-DFF9-4498-8BFA-3597A8388838}.Ad-Hoc|x86.ActiveCfg = Ad-Hoc|iPhone
		{D2493742-DFF9-4498-8BFA-3597A8388838}.AppStore|Any CPU.ActiveCfg = AppStore|iPhone
		{D2493742-DFF9-4498-8BFA-3597A8388838}.AppStore|ARM.ActiveCfg = AppStore|iPhone
		{D2493742-DFF9-4498-8BFA-3597A8388838}.AppStore|iPhone.ActiveCfg = AppStore|iPhone
		{D2493742-DFF9-4498-8BFA-3597A8388838}.AppStore|iPhone.Build.0 = AppStore|iPhone
		{D2493742-DFF9-4498-8BFA-3597A8388838}.AppStore|iPhoneSimulator.ActiveCfg = AppStore|iPhoneSimulator
		{D2493742-DFF9-4498-8BFA-3597A8388838}.AppStore|iPhoneSimulator.Build.0 = AppStore|iPhoneSimulator
		{D2493742-DFF9-4498-8BFA-3597A8388838}.AppStore|x64.ActiveCfg = AppStore|iPhone
		{D2493742-DFF9-4498-8BFA-3597A8388838}.AppStore|x86.ActiveCfg = AppStore|iPhone
		{D2493742-DFF9-4498-8BFA-3597A8388838}.Debug|Any CPU.ActiveCfg = Debug|iPhone
		{D2493742-DFF9-4498-8BFA-3597A8388838}.Debug|ARM.ActiveCfg = Debug|iPhone
		{D2493742-DFF9-4498-8BFA-3597A8388838}.Debug|iPhone.ActiveCfg = Debug|iPhone
		{D2493742-DFF9-4498-8BFA-3597A8388838}.Debug|iPhone.Build.0 = Debug|iPhone
		{D2493742-DFF9-4498-8BFA-3597A8388838}.Debug|iPhoneSimulator.ActiveCfg = Debug|iPhoneSimulator
		{D2493742-DFF9-4498-8BFA-3597A8388838}.Debug|iPhoneSimulator.Build.0 = Debug|iPhoneSimulator
		{D2493742-DFF9-4498-8BFA-3597A8388838}.Debug|x64.ActiveCfg = Debug|iPhone
		{D2493742-DFF9-4498-8BFA-3597A8388838}.Debug|x86.ActiveCfg = Debug|iPhone
		{D2493742-DFF9-4498-8BFA-3597A8388838}.Release|Any CPU.ActiveCfg = Release|iPhone
		{D2493742-DFF9-4498-8BFA-3597A8388838}.Release|ARM.ActiveCfg = Release|iPhone
		{D2493742-DFF9-4498-8BFA-3597A8388838}.Release|iPhone.ActiveCfg = Release|iPhone
		{D2493742-DFF9-4498-8BFA-3597A8388838}.Release|iPhone.Build.0 = Release|iPhone
		{D2493742-DFF9-4498-8BFA-3597A8388838}.Release|iPhoneSimulator.ActiveCfg = Release|iPhoneSimulator
		{D2493742-DFF9-4498-8BFA-3597A8388838}.Release|iPhoneSimulator.Build.0 = Release|iPhoneSimulator
		{D2493742-DFF9-4498-8BFA-3597A8388838}.Release|x64.ActiveCfg = Release|iPhone
		{D2493742-DFF9-4498-8BFA-3597A8388838}.Release|x86.ActiveCfg = Release|iPhone
		{5E691262-67A0-4339-ADF5-3DE82D7967D6}.Ad-Hoc|Any CPU.ActiveCfg = Release|Any CPU
		{5E691262-67A0-4339-ADF5-3DE82D7967D6}.Ad-Hoc|Any CPU.Build.0 = Release|Any CPU
		{5E691262-67A0-4339-ADF5-3DE82D7967D6}.Ad-Hoc|Any CPU.Deploy.0 = Release|Any CPU
		{5E691262-67A0-4339-ADF5-3DE82D7967D6}.Ad-Hoc|ARM.ActiveCfg = Release|ARM
		{5E691262-67A0-4339-ADF5-3DE82D7967D6}.Ad-Hoc|ARM.Build.0 = Release|ARM
		{5E691262-67A0-4339-ADF5-3DE82D7967D6}.Ad-Hoc|ARM.Deploy.0 = Release|ARM
		{5E691262-67A0-4339-ADF5-3DE82D7967D6}.Ad-Hoc|iPhone.ActiveCfg = Release|Any CPU
		{5E691262-67A0-4339-ADF5-3DE82D7967D6}.Ad-Hoc|iPhone.Build.0 = Release|Any CPU
		{5E691262-67A0-4339-ADF5-3DE82D7967D6}.Ad-Hoc|iPhone.Deploy.0 = Release|Any CPU
		{5E691262-67A0-4339-ADF5-3DE82D7967D6}.Ad-Hoc|iPhoneSimulator.ActiveCfg = Release|Any CPU
		{5E691262-67A0-4339-ADF5-3DE82D7967D6}.Ad-Hoc|iPhoneSimulator.Build.0 = Release|Any CPU
		{5E691262-67A0-4339-ADF5-3DE82D7967D6}.Ad-Hoc|iPhoneSimulator.Deploy.0 = Release|Any CPU
		{5E691262-67A0-4339-ADF5-3DE82D7967D6}.Ad-Hoc|x64.ActiveCfg = Release|Any CPU
		{5E691262-67A0-4339-ADF5-3DE82D7967D6}.Ad-Hoc|x64.Build.0 = Release|Any CPU
		{5E691262-67A0-4339-ADF5-3DE82D7967D6}.Ad-Hoc|x64.Deploy.0 = Release|Any CPU
		{5E691262-67A0-4339-ADF5-3DE82D7967D6}.Ad-Hoc|x86.ActiveCfg = Release|x86
		{5E691262-67A0-4339-ADF5-3DE82D7967D6}.Ad-Hoc|x86.Build.0 = Release|x86
		{5E691262-67A0-4339-ADF5-3DE82D7967D6}.Ad-Hoc|x86.Deploy.0 = Release|x86
		{5E691262-67A0-4339-ADF5-3DE82D7967D6}.AppStore|Any CPU.ActiveCfg = Release|Any CPU
		{5E691262-67A0-4339-ADF5-3DE82D7967D6}.AppStore|Any CPU.Build.0 = Release|Any CPU
		{5E691262-67A0-4339-ADF5-3DE82D7967D6}.AppStore|Any CPU.Deploy.0 = Release|Any CPU
		{5E691262-67A0-4339-ADF5-3DE82D7967D6}.AppStore|ARM.ActiveCfg = Release|ARM
		{5E691262-67A0-4339-ADF5-3DE82D7967D6}.AppStore|ARM.Build.0 = Release|ARM
		{5E691262-67A0-4339-ADF5-3DE82D7967D6}.AppStore|ARM.Deploy.0 = Release|ARM
		{5E691262-67A0-4339-ADF5-3DE82D7967D6}.AppStore|iPhone.ActiveCfg = Release|Any CPU
		{5E691262-67A0-4339-ADF5-3DE82D7967D6}.AppStore|iPhone.Build.0 = Release|Any CPU
		{5E691262-67A0-4339-ADF5-3DE82D7967D6}.AppStore|iPhone.Deploy.0 = Release|Any CPU
		{5E691262-67A0-4339-ADF5-3DE82D7967D6}.AppStore|iPhoneSimulator.ActiveCfg = Release|Any CPU
		{5E691262-67A0-4339-ADF5-3DE82D7967D6}.AppStore|iPhoneSimulator.Build.0 = Release|Any CPU
		{5E691262-67A0-4339-ADF5-3DE82D7967D6}.AppStore|iPhoneSimulator.Deploy.0 = Release|Any CPU
		{5E691262-67A0-4339-ADF5-3DE82D7967D6}.AppStore|x64.ActiveCfg = Release|Any CPU
		{5E691262-67A0-4339-ADF5-3DE82D7967D6}.AppStore|x64.Build.0 = Release|Any CPU
		{5E691262-67A0-4339-ADF5-3DE82D7967D6}.AppStore|x64.Deploy.0 = Release|Any CPU
		{5E691262-67A0-4339-ADF5-3DE82D7967D6}.AppStore|x86.ActiveCfg = Release|x86
		{5E691262-67A0-4339-ADF5-3DE82D7967D6}.AppStore|x86.Build.0 = Release|x86
		{5E691262-67A0-4339-ADF5-3DE82D7967D6}.AppStore|x86.Deploy.0 = Release|x86
		{5E691262-67A0-4339-ADF5-3DE82D7967D6}.Debug|Any CPU.ActiveCfg = Debug|Any CPU
		{5E691262-67A0-4339-ADF5-3DE82D7967D6}.Debug|Any CPU.Build.0 = Debug|Any CPU
		{5E691262-67A0-4339-ADF5-3DE82D7967D6}.Debug|Any CPU.Deploy.0 = Debug|Any CPU
		{5E691262-67A0-4339-ADF5-3DE82D7967D6}.Debug|ARM.ActiveCfg = Debug|ARM
		{5E691262-67A0-4339-ADF5-3DE82D7967D6}.Debug|ARM.Build.0 = Debug|ARM
		{5E691262-67A0-4339-ADF5-3DE82D7967D6}.Debug|ARM.Deploy.0 = Debug|ARM
		{5E691262-67A0-4339-ADF5-3DE82D7967D6}.Debug|iPhone.ActiveCfg = Debug|Any CPU
		{5E691262-67A0-4339-ADF5-3DE82D7967D6}.Debug|iPhone.Build.0 = Debug|Any CPU
		{5E691262-67A0-4339-ADF5-3DE82D7967D6}.Debug|iPhone.Deploy.0 = Debug|Any CPU
		{5E691262-67A0-4339-ADF5-3DE82D7967D6}.Debug|iPhoneSimulator.ActiveCfg = Debug|Any CPU
		{5E691262-67A0-4339-ADF5-3DE82D7967D6}.Debug|iPhoneSimulator.Build.0 = Debug|Any CPU
		{5E691262-67A0-4339-ADF5-3DE82D7967D6}.Debug|iPhoneSimulator.Deploy.0 = Debug|Any CPU
		{5E691262-67A0-4339-ADF5-3DE82D7967D6}.Debug|x64.ActiveCfg = Debug|Any CPU
		{5E691262-67A0-4339-ADF5-3DE82D7967D6}.Debug|x64.Build.0 = Debug|Any CPU
		{5E691262-67A0-4339-ADF5-3DE82D7967D6}.Debug|x64.Deploy.0 = Debug|Any CPU
		{5E691262-67A0-4339-ADF5-3DE82D7967D6}.Debug|x86.ActiveCfg = Debug|x86
		{5E691262-67A0-4339-ADF5-3DE82D7967D6}.Debug|x86.Build.0 = Debug|x86
		{5E691262-67A0-4339-ADF5-3DE82D7967D6}.Debug|x86.Deploy.0 = Debug|x86
		{5E691262-67A0-4339-ADF5-3DE82D7967D6}.Release|Any CPU.ActiveCfg = Release|Any CPU
		{5E691262-67A0-4339-ADF5-3DE82D7967D6}.Release|Any CPU.Build.0 = Release|Any CPU
		{5E691262-67A0-4339-ADF5-3DE82D7967D6}.Release|Any CPU.Deploy.0 = Release|Any CPU
		{5E691262-67A0-4339-ADF5-3DE82D7967D6}.Release|ARM.ActiveCfg = Release|ARM
		{5E691262-67A0-4339-ADF5-3DE82D7967D6}.Release|ARM.Build.0 = Release|ARM
		{5E691262-67A0-4339-ADF5-3DE82D7967D6}.Release|ARM.Deploy.0 = Release|ARM
		{5E691262-67A0-4339-ADF5-3DE82D7967D6}.Release|iPhone.ActiveCfg = Release|Any CPU
		{5E691262-67A0-4339-ADF5-3DE82D7967D6}.Release|iPhone.Build.0 = Release|Any CPU
		{5E691262-67A0-4339-ADF5-3DE82D7967D6}.Release|iPhone.Deploy.0 = Release|Any CPU
		{5E691262-67A0-4339-ADF5-3DE82D7967D6}.Release|iPhoneSimulator.ActiveCfg = Release|Any CPU
		{5E691262-67A0-4339-ADF5-3DE82D7967D6}.Release|iPhoneSimulator.Build.0 = Release|Any CPU
		{5E691262-67A0-4339-ADF5-3DE82D7967D6}.Release|iPhoneSimulator.Deploy.0 = Release|Any CPU
		{5E691262-67A0-4339-ADF5-3DE82D7967D6}.Release|x64.ActiveCfg = Release|Any CPU
		{5E691262-67A0-4339-ADF5-3DE82D7967D6}.Release|x64.Build.0 = Release|Any CPU
		{5E691262-67A0-4339-ADF5-3DE82D7967D6}.Release|x64.Deploy.0 = Release|Any CPU
		{5E691262-67A0-4339-ADF5-3DE82D7967D6}.Release|x86.ActiveCfg = Release|x86
		{5E691262-67A0-4339-ADF5-3DE82D7967D6}.Release|x86.Build.0 = Release|x86
		{5E691262-67A0-4339-ADF5-3DE82D7967D6}.Release|x86.Deploy.0 = Release|x86
		{EF76AE80-F4E3-4C88-9C88-4D17DC08E787}.Ad-Hoc|Any CPU.ActiveCfg = Release|x86
		{EF76AE80-F4E3-4C88-9C88-4D17DC08E787}.Ad-Hoc|Any CPU.Build.0 = Release|x86
		{EF76AE80-F4E3-4C88-9C88-4D17DC08E787}.Ad-Hoc|Any CPU.Deploy.0 = Release|x86
		{EF76AE80-F4E3-4C88-9C88-4D17DC08E787}.Ad-Hoc|ARM.ActiveCfg = Release|ARM
		{EF76AE80-F4E3-4C88-9C88-4D17DC08E787}.Ad-Hoc|ARM.Build.0 = Release|ARM
		{EF76AE80-F4E3-4C88-9C88-4D17DC08E787}.Ad-Hoc|ARM.Deploy.0 = Release|ARM
		{EF76AE80-F4E3-4C88-9C88-4D17DC08E787}.Ad-Hoc|iPhone.ActiveCfg = Release|x86
		{EF76AE80-F4E3-4C88-9C88-4D17DC08E787}.Ad-Hoc|iPhone.Build.0 = Release|x86
		{EF76AE80-F4E3-4C88-9C88-4D17DC08E787}.Ad-Hoc|iPhone.Deploy.0 = Release|x86
		{EF76AE80-F4E3-4C88-9C88-4D17DC08E787}.Ad-Hoc|iPhoneSimulator.ActiveCfg = Release|x86
		{EF76AE80-F4E3-4C88-9C88-4D17DC08E787}.Ad-Hoc|iPhoneSimulator.Build.0 = Release|x86
		{EF76AE80-F4E3-4C88-9C88-4D17DC08E787}.Ad-Hoc|iPhoneSimulator.Deploy.0 = Release|x86
		{EF76AE80-F4E3-4C88-9C88-4D17DC08E787}.Ad-Hoc|x64.ActiveCfg = Release|x64
		{EF76AE80-F4E3-4C88-9C88-4D17DC08E787}.Ad-Hoc|x64.Build.0 = Release|x64
		{EF76AE80-F4E3-4C88-9C88-4D17DC08E787}.Ad-Hoc|x64.Deploy.0 = Release|x64
		{EF76AE80-F4E3-4C88-9C88-4D17DC08E787}.Ad-Hoc|x86.ActiveCfg = Release|x86
		{EF76AE80-F4E3-4C88-9C88-4D17DC08E787}.Ad-Hoc|x86.Build.0 = Release|x86
		{EF76AE80-F4E3-4C88-9C88-4D17DC08E787}.Ad-Hoc|x86.Deploy.0 = Release|x86
		{EF76AE80-F4E3-4C88-9C88-4D17DC08E787}.AppStore|Any CPU.ActiveCfg = Release|x86
		{EF76AE80-F4E3-4C88-9C88-4D17DC08E787}.AppStore|Any CPU.Build.0 = Release|x86
		{EF76AE80-F4E3-4C88-9C88-4D17DC08E787}.AppStore|Any CPU.Deploy.0 = Release|x86
		{EF76AE80-F4E3-4C88-9C88-4D17DC08E787}.AppStore|ARM.ActiveCfg = Release|ARM
		{EF76AE80-F4E3-4C88-9C88-4D17DC08E787}.AppStore|ARM.Build.0 = Release|ARM
		{EF76AE80-F4E3-4C88-9C88-4D17DC08E787}.AppStore|ARM.Deploy.0 = Release|ARM
		{EF76AE80-F4E3-4C88-9C88-4D17DC08E787}.AppStore|iPhone.ActiveCfg = Release|x86
		{EF76AE80-F4E3-4C88-9C88-4D17DC08E787}.AppStore|iPhone.Build.0 = Release|x86
		{EF76AE80-F4E3-4C88-9C88-4D17DC08E787}.AppStore|iPhone.Deploy.0 = Release|x86
		{EF76AE80-F4E3-4C88-9C88-4D17DC08E787}.AppStore|iPhoneSimulator.ActiveCfg = Release|x86
		{EF76AE80-F4E3-4C88-9C88-4D17DC08E787}.AppStore|iPhoneSimulator.Build.0 = Release|x86
		{EF76AE80-F4E3-4C88-9C88-4D17DC08E787}.AppStore|iPhoneSimulator.Deploy.0 = Release|x86
		{EF76AE80-F4E3-4C88-9C88-4D17DC08E787}.AppStore|x64.ActiveCfg = Release|x64
		{EF76AE80-F4E3-4C88-9C88-4D17DC08E787}.AppStore|x64.Build.0 = Release|x64
		{EF76AE80-F4E3-4C88-9C88-4D17DC08E787}.AppStore|x64.Deploy.0 = Release|x64
		{EF76AE80-F4E3-4C88-9C88-4D17DC08E787}.AppStore|x86.ActiveCfg = Release|x86
		{EF76AE80-F4E3-4C88-9C88-4D17DC08E787}.AppStore|x86.Build.0 = Release|x86
		{EF76AE80-F4E3-4C88-9C88-4D17DC08E787}.AppStore|x86.Deploy.0 = Release|x86
		{EF76AE80-F4E3-4C88-9C88-4D17DC08E787}.Debug|Any CPU.ActiveCfg = Debug|x86
		{EF76AE80-F4E3-4C88-9C88-4D17DC08E787}.Debug|Any CPU.Build.0 = Debug|x86
		{EF76AE80-F4E3-4C88-9C88-4D17DC08E787}.Debug|Any CPU.Deploy.0 = Debug|x86
		{EF76AE80-F4E3-4C88-9C88-4D17DC08E787}.Debug|ARM.ActiveCfg = Debug|ARM
		{EF76AE80-F4E3-4C88-9C88-4D17DC08E787}.Debug|ARM.Build.0 = Debug|ARM
		{EF76AE80-F4E3-4C88-9C88-4D17DC08E787}.Debug|ARM.Deploy.0 = Debug|ARM
		{EF76AE80-F4E3-4C88-9C88-4D17DC08E787}.Debug|iPhone.ActiveCfg = Debug|x86
		{EF76AE80-F4E3-4C88-9C88-4D17DC08E787}.Debug|iPhoneSimulator.ActiveCfg = Debug|x86
		{EF76AE80-F4E3-4C88-9C88-4D17DC08E787}.Debug|x64.ActiveCfg = Debug|x64
		{EF76AE80-F4E3-4C88-9C88-4D17DC08E787}.Debug|x64.Build.0 = Debug|x64
		{EF76AE80-F4E3-4C88-9C88-4D17DC08E787}.Debug|x64.Deploy.0 = Debug|x64
		{EF76AE80-F4E3-4C88-9C88-4D17DC08E787}.Debug|x86.ActiveCfg = Debug|x86
		{EF76AE80-F4E3-4C88-9C88-4D17DC08E787}.Debug|x86.Build.0 = Debug|x86
		{EF76AE80-F4E3-4C88-9C88-4D17DC08E787}.Debug|x86.Deploy.0 = Debug|x86
		{EF76AE80-F4E3-4C88-9C88-4D17DC08E787}.Release|Any CPU.ActiveCfg = Release|x86
		{EF76AE80-F4E3-4C88-9C88-4D17DC08E787}.Release|ARM.ActiveCfg = Release|ARM
		{EF76AE80-F4E3-4C88-9C88-4D17DC08E787}.Release|ARM.Build.0 = Release|ARM
		{EF76AE80-F4E3-4C88-9C88-4D17DC08E787}.Release|ARM.Deploy.0 = Release|ARM
		{EF76AE80-F4E3-4C88-9C88-4D17DC08E787}.Release|iPhone.ActiveCfg = Release|x86
		{EF76AE80-F4E3-4C88-9C88-4D17DC08E787}.Release|iPhoneSimulator.ActiveCfg = Release|x86
		{EF76AE80-F4E3-4C88-9C88-4D17DC08E787}.Release|x64.ActiveCfg = Release|x64
		{EF76AE80-F4E3-4C88-9C88-4D17DC08E787}.Release|x64.Build.0 = Release|x64
		{EF76AE80-F4E3-4C88-9C88-4D17DC08E787}.Release|x64.Deploy.0 = Release|x64
		{EF76AE80-F4E3-4C88-9C88-4D17DC08E787}.Release|x86.ActiveCfg = Release|x86
		{EF76AE80-F4E3-4C88-9C88-4D17DC08E787}.Release|x86.Build.0 = Release|x86
		{EF76AE80-F4E3-4C88-9C88-4D17DC08E787}.Release|x86.Deploy.0 = Release|x86
		{0AFBDB50-7BBA-4F9E-88AE-FDA55A1C4761}.Ad-Hoc|Any CPU.ActiveCfg = Release|Any CPU
		{0AFBDB50-7BBA-4F9E-88AE-FDA55A1C4761}.Ad-Hoc|Any CPU.Build.0 = Release|Any CPU
		{0AFBDB50-7BBA-4F9E-88AE-FDA55A1C4761}.Ad-Hoc|Any CPU.Deploy.0 = Release|Any CPU
		{0AFBDB50-7BBA-4F9E-88AE-FDA55A1C4761}.Ad-Hoc|ARM.ActiveCfg = Release|ARM
		{0AFBDB50-7BBA-4F9E-88AE-FDA55A1C4761}.Ad-Hoc|ARM.Build.0 = Release|ARM
		{0AFBDB50-7BBA-4F9E-88AE-FDA55A1C4761}.Ad-Hoc|ARM.Deploy.0 = Release|ARM
		{0AFBDB50-7BBA-4F9E-88AE-FDA55A1C4761}.Ad-Hoc|iPhone.ActiveCfg = Release|Any CPU
		{0AFBDB50-7BBA-4F9E-88AE-FDA55A1C4761}.Ad-Hoc|iPhone.Build.0 = Release|Any CPU
		{0AFBDB50-7BBA-4F9E-88AE-FDA55A1C4761}.Ad-Hoc|iPhone.Deploy.0 = Release|Any CPU
		{0AFBDB50-7BBA-4F9E-88AE-FDA55A1C4761}.Ad-Hoc|iPhoneSimulator.ActiveCfg = Release|Any CPU
		{0AFBDB50-7BBA-4F9E-88AE-FDA55A1C4761}.Ad-Hoc|iPhoneSimulator.Build.0 = Release|Any CPU
		{0AFBDB50-7BBA-4F9E-88AE-FDA55A1C4761}.Ad-Hoc|iPhoneSimulator.Deploy.0 = Release|Any CPU
		{0AFBDB50-7BBA-4F9E-88AE-FDA55A1C4761}.Ad-Hoc|x64.ActiveCfg = Release|x64
		{0AFBDB50-7BBA-4F9E-88AE-FDA55A1C4761}.Ad-Hoc|x64.Build.0 = Release|x64
		{0AFBDB50-7BBA-4F9E-88AE-FDA55A1C4761}.Ad-Hoc|x64.Deploy.0 = Release|x64
		{0AFBDB50-7BBA-4F9E-88AE-FDA55A1C4761}.Ad-Hoc|x86.ActiveCfg = Release|x86
		{0AFBDB50-7BBA-4F9E-88AE-FDA55A1C4761}.Ad-Hoc|x86.Build.0 = Release|x86
		{0AFBDB50-7BBA-4F9E-88AE-FDA55A1C4761}.Ad-Hoc|x86.Deploy.0 = Release|x86
		{0AFBDB50-7BBA-4F9E-88AE-FDA55A1C4761}.AppStore|Any CPU.ActiveCfg = Release|Any CPU
		{0AFBDB50-7BBA-4F9E-88AE-FDA55A1C4761}.AppStore|Any CPU.Build.0 = Release|Any CPU
		{0AFBDB50-7BBA-4F9E-88AE-FDA55A1C4761}.AppStore|Any CPU.Deploy.0 = Release|Any CPU
		{0AFBDB50-7BBA-4F9E-88AE-FDA55A1C4761}.AppStore|ARM.ActiveCfg = Release|ARM
		{0AFBDB50-7BBA-4F9E-88AE-FDA55A1C4761}.AppStore|ARM.Build.0 = Release|ARM
		{0AFBDB50-7BBA-4F9E-88AE-FDA55A1C4761}.AppStore|ARM.Deploy.0 = Release|ARM
		{0AFBDB50-7BBA-4F9E-88AE-FDA55A1C4761}.AppStore|iPhone.ActiveCfg = Release|Any CPU
		{0AFBDB50-7BBA-4F9E-88AE-FDA55A1C4761}.AppStore|iPhone.Build.0 = Release|Any CPU
		{0AFBDB50-7BBA-4F9E-88AE-FDA55A1C4761}.AppStore|iPhone.Deploy.0 = Release|Any CPU
		{0AFBDB50-7BBA-4F9E-88AE-FDA55A1C4761}.AppStore|iPhoneSimulator.ActiveCfg = Release|Any CPU
		{0AFBDB50-7BBA-4F9E-88AE-FDA55A1C4761}.AppStore|iPhoneSimulator.Build.0 = Release|Any CPU
		{0AFBDB50-7BBA-4F9E-88AE-FDA55A1C4761}.AppStore|iPhoneSimulator.Deploy.0 = Release|Any CPU
		{0AFBDB50-7BBA-4F9E-88AE-FDA55A1C4761}.AppStore|x64.ActiveCfg = Release|x64
		{0AFBDB50-7BBA-4F9E-88AE-FDA55A1C4761}.AppStore|x64.Build.0 = Release|x64
		{0AFBDB50-7BBA-4F9E-88AE-FDA55A1C4761}.AppStore|x64.Deploy.0 = Release|x64
		{0AFBDB50-7BBA-4F9E-88AE-FDA55A1C4761}.AppStore|x86.ActiveCfg = Release|x86
		{0AFBDB50-7BBA-4F9E-88AE-FDA55A1C4761}.AppStore|x86.Build.0 = Release|x86
		{0AFBDB50-7BBA-4F9E-88AE-FDA55A1C4761}.AppStore|x86.Deploy.0 = Release|x86
		{0AFBDB50-7BBA-4F9E-88AE-FDA55A1C4761}.Debug|Any CPU.ActiveCfg = Debug|Any CPU
		{0AFBDB50-7BBA-4F9E-88AE-FDA55A1C4761}.Debug|Any CPU.Build.0 = Debug|Any CPU
		{0AFBDB50-7BBA-4F9E-88AE-FDA55A1C4761}.Debug|Any CPU.Deploy.0 = Debug|Any CPU
		{0AFBDB50-7BBA-4F9E-88AE-FDA55A1C4761}.Debug|ARM.ActiveCfg = Debug|ARM
		{0AFBDB50-7BBA-4F9E-88AE-FDA55A1C4761}.Debug|ARM.Build.0 = Debug|ARM
		{0AFBDB50-7BBA-4F9E-88AE-FDA55A1C4761}.Debug|ARM.Deploy.0 = Debug|ARM
		{0AFBDB50-7BBA-4F9E-88AE-FDA55A1C4761}.Debug|iPhone.ActiveCfg = Debug|Any CPU
		{0AFBDB50-7BBA-4F9E-88AE-FDA55A1C4761}.Debug|iPhone.Build.0 = Debug|Any CPU
		{0AFBDB50-7BBA-4F9E-88AE-FDA55A1C4761}.Debug|iPhone.Deploy.0 = Debug|Any CPU
		{0AFBDB50-7BBA-4F9E-88AE-FDA55A1C4761}.Debug|iPhoneSimulator.ActiveCfg = Debug|Any CPU
		{0AFBDB50-7BBA-4F9E-88AE-FDA55A1C4761}.Debug|iPhoneSimulator.Build.0 = Debug|Any CPU
		{0AFBDB50-7BBA-4F9E-88AE-FDA55A1C4761}.Debug|iPhoneSimulator.Deploy.0 = Debug|Any CPU
		{0AFBDB50-7BBA-4F9E-88AE-FDA55A1C4761}.Debug|x64.ActiveCfg = Debug|x64
		{0AFBDB50-7BBA-4F9E-88AE-FDA55A1C4761}.Debug|x64.Build.0 = Debug|x64
		{0AFBDB50-7BBA-4F9E-88AE-FDA55A1C4761}.Debug|x64.Deploy.0 = Debug|x64
		{0AFBDB50-7BBA-4F9E-88AE-FDA55A1C4761}.Debug|x86.ActiveCfg = Debug|x86
		{0AFBDB50-7BBA-4F9E-88AE-FDA55A1C4761}.Debug|x86.Build.0 = Debug|x86
		{0AFBDB50-7BBA-4F9E-88AE-FDA55A1C4761}.Debug|x86.Deploy.0 = Debug|x86
		{0AFBDB50-7BBA-4F9E-88AE-FDA55A1C4761}.Release|Any CPU.ActiveCfg = Release|Any CPU
		{0AFBDB50-7BBA-4F9E-88AE-FDA55A1C4761}.Release|Any CPU.Build.0 = Release|Any CPU
		{0AFBDB50-7BBA-4F9E-88AE-FDA55A1C4761}.Release|Any CPU.Deploy.0 = Release|Any CPU
		{0AFBDB50-7BBA-4F9E-88AE-FDA55A1C4761}.Release|ARM.ActiveCfg = Release|ARM
		{0AFBDB50-7BBA-4F9E-88AE-FDA55A1C4761}.Release|ARM.Build.0 = Release|ARM
		{0AFBDB50-7BBA-4F9E-88AE-FDA55A1C4761}.Release|ARM.Deploy.0 = Release|ARM
		{0AFBDB50-7BBA-4F9E-88AE-FDA55A1C4761}.Release|iPhone.ActiveCfg = Release|Any CPU
		{0AFBDB50-7BBA-4F9E-88AE-FDA55A1C4761}.Release|iPhone.Build.0 = Release|Any CPU
		{0AFBDB50-7BBA-4F9E-88AE-FDA55A1C4761}.Release|iPhone.Deploy.0 = Release|Any CPU
		{0AFBDB50-7BBA-4F9E-88AE-FDA55A1C4761}.Release|iPhoneSimulator.ActiveCfg = Release|Any CPU
		{0AFBDB50-7BBA-4F9E-88AE-FDA55A1C4761}.Release|iPhoneSimulator.Build.0 = Release|Any CPU
		{0AFBDB50-7BBA-4F9E-88AE-FDA55A1C4761}.Release|iPhoneSimulator.Deploy.0 = Release|Any CPU
		{0AFBDB50-7BBA-4F9E-88AE-FDA55A1C4761}.Release|x64.ActiveCfg = Release|x64
		{0AFBDB50-7BBA-4F9E-88AE-FDA55A1C4761}.Release|x64.Build.0 = Release|x64
		{0AFBDB50-7BBA-4F9E-88AE-FDA55A1C4761}.Release|x64.Deploy.0 = Release|x64
		{0AFBDB50-7BBA-4F9E-88AE-FDA55A1C4761}.Release|x86.ActiveCfg = Release|x86
		{0AFBDB50-7BBA-4F9E-88AE-FDA55A1C4761}.Release|x86.Build.0 = Release|x86
		{0AFBDB50-7BBA-4F9E-88AE-FDA55A1C4761}.Release|x86.Deploy.0 = Release|x86
		{BBC42417-2ECF-4C3E-8490-AAD958FB0E78}.Ad-Hoc|Any CPU.ActiveCfg = Release|Any CPU
		{BBC42417-2ECF-4C3E-8490-AAD958FB0E78}.Ad-Hoc|Any CPU.Build.0 = Release|Any CPU
		{BBC42417-2ECF-4C3E-8490-AAD958FB0E78}.Ad-Hoc|ARM.ActiveCfg = Release|Any CPU
		{BBC42417-2ECF-4C3E-8490-AAD958FB0E78}.Ad-Hoc|ARM.Build.0 = Release|Any CPU
		{BBC42417-2ECF-4C3E-8490-AAD958FB0E78}.Ad-Hoc|iPhone.ActiveCfg = Release|Any CPU
		{BBC42417-2ECF-4C3E-8490-AAD958FB0E78}.Ad-Hoc|iPhone.Build.0 = Release|Any CPU
		{BBC42417-2ECF-4C3E-8490-AAD958FB0E78}.Ad-Hoc|iPhoneSimulator.ActiveCfg = Release|Any CPU
		{BBC42417-2ECF-4C3E-8490-AAD958FB0E78}.Ad-Hoc|iPhoneSimulator.Build.0 = Release|Any CPU
		{BBC42417-2ECF-4C3E-8490-AAD958FB0E78}.Ad-Hoc|x64.ActiveCfg = Release|Any CPU
		{BBC42417-2ECF-4C3E-8490-AAD958FB0E78}.Ad-Hoc|x64.Build.0 = Release|Any CPU
		{BBC42417-2ECF-4C3E-8490-AAD958FB0E78}.Ad-Hoc|x86.ActiveCfg = Release|Any CPU
		{BBC42417-2ECF-4C3E-8490-AAD958FB0E78}.Ad-Hoc|x86.Build.0 = Release|Any CPU
		{BBC42417-2ECF-4C3E-8490-AAD958FB0E78}.AppStore|Any CPU.ActiveCfg = Release|Any CPU
		{BBC42417-2ECF-4C3E-8490-AAD958FB0E78}.AppStore|Any CPU.Build.0 = Release|Any CPU
		{BBC42417-2ECF-4C3E-8490-AAD958FB0E78}.AppStore|ARM.ActiveCfg = Release|Any CPU
		{BBC42417-2ECF-4C3E-8490-AAD958FB0E78}.AppStore|ARM.Build.0 = Release|Any CPU
		{BBC42417-2ECF-4C3E-8490-AAD958FB0E78}.AppStore|iPhone.ActiveCfg = Release|Any CPU
		{BBC42417-2ECF-4C3E-8490-AAD958FB0E78}.AppStore|iPhone.Build.0 = Release|Any CPU
		{BBC42417-2ECF-4C3E-8490-AAD958FB0E78}.AppStore|iPhoneSimulator.ActiveCfg = Release|Any CPU
		{BBC42417-2ECF-4C3E-8490-AAD958FB0E78}.AppStore|iPhoneSimulator.Build.0 = Release|Any CPU
		{BBC42417-2ECF-4C3E-8490-AAD958FB0E78}.AppStore|x64.ActiveCfg = Release|Any CPU
		{BBC42417-2ECF-4C3E-8490-AAD958FB0E78}.AppStore|x64.Build.0 = Release|Any CPU
		{BBC42417-2ECF-4C3E-8490-AAD958FB0E78}.AppStore|x86.ActiveCfg = Release|Any CPU
		{BBC42417-2ECF-4C3E-8490-AAD958FB0E78}.AppStore|x86.Build.0 = Release|Any CPU
		{BBC42417-2ECF-4C3E-8490-AAD958FB0E78}.Debug|Any CPU.ActiveCfg = Debug|Any CPU
		{BBC42417-2ECF-4C3E-8490-AAD958FB0E78}.Debug|Any CPU.Build.0 = Debug|Any CPU
		{BBC42417-2ECF-4C3E-8490-AAD958FB0E78}.Debug|ARM.ActiveCfg = Debug|Any CPU
		{BBC42417-2ECF-4C3E-8490-AAD958FB0E78}.Debug|ARM.Build.0 = Debug|Any CPU
		{BBC42417-2ECF-4C3E-8490-AAD958FB0E78}.Debug|iPhone.ActiveCfg = Debug|Any CPU
		{BBC42417-2ECF-4C3E-8490-AAD958FB0E78}.Debug|iPhone.Build.0 = Debug|Any CPU
		{BBC42417-2ECF-4C3E-8490-AAD958FB0E78}.Debug|iPhoneSimulator.ActiveCfg = Debug|Any CPU
		{BBC42417-2ECF-4C3E-8490-AAD958FB0E78}.Debug|iPhoneSimulator.Build.0 = Debug|Any CPU
		{BBC42417-2ECF-4C3E-8490-AAD958FB0E78}.Debug|x64.ActiveCfg = Debug|Any CPU
		{BBC42417-2ECF-4C3E-8490-AAD958FB0E78}.Debug|x64.Build.0 = Debug|Any CPU
		{BBC42417-2ECF-4C3E-8490-AAD958FB0E78}.Debug|x86.ActiveCfg = Debug|Any CPU
		{BBC42417-2ECF-4C3E-8490-AAD958FB0E78}.Debug|x86.Build.0 = Debug|Any CPU
		{BBC42417-2ECF-4C3E-8490-AAD958FB0E78}.Release|Any CPU.ActiveCfg = Release|Any CPU
		{BBC42417-2ECF-4C3E-8490-AAD958FB0E78}.Release|Any CPU.Build.0 = Release|Any CPU
		{BBC42417-2ECF-4C3E-8490-AAD958FB0E78}.Release|ARM.ActiveCfg = Release|Any CPU
		{BBC42417-2ECF-4C3E-8490-AAD958FB0E78}.Release|ARM.Build.0 = Release|Any CPU
		{BBC42417-2ECF-4C3E-8490-AAD958FB0E78}.Release|iPhone.ActiveCfg = Release|Any CPU
		{BBC42417-2ECF-4C3E-8490-AAD958FB0E78}.Release|iPhone.Build.0 = Release|Any CPU
		{BBC42417-2ECF-4C3E-8490-AAD958FB0E78}.Release|iPhoneSimulator.ActiveCfg = Release|Any CPU
		{BBC42417-2ECF-4C3E-8490-AAD958FB0E78}.Release|iPhoneSimulator.Build.0 = Release|Any CPU
		{BBC42417-2ECF-4C3E-8490-AAD958FB0E78}.Release|x64.ActiveCfg = Release|Any CPU
		{BBC42417-2ECF-4C3E-8490-AAD958FB0E78}.Release|x64.Build.0 = Release|Any CPU
		{BBC42417-2ECF-4C3E-8490-AAD958FB0E78}.Release|x86.ActiveCfg = Release|Any CPU
		{BBC42417-2ECF-4C3E-8490-AAD958FB0E78}.Release|x86.Build.0 = Release|Any CPU
	EndGlobalSection
	GlobalSection(SolutionProperties) = preSolution
		HideSolutionNode = FALSE
	EndGlobalSection
EndGlobal
